
Microsoft Visual Studio Solution File, Format Version 12.00
Project("{2150E333-8FDC-42A3-9474-1A3956D46DE8}") = "ValueVsReferenceTypes", "ValueVsReferenceTypes", "{F221D178-6BA8-4294-BE27-DB9ED8D5BDCA}"
EndProject
Project("{FAE04EC0-301F-11D3-BF4B-00C04F79EFBC}") = "ValueVsReferenceTypes", "ValueVsReferenceTypes\ValueVsReferenceTypes.csproj", "{9F21A3F1-DD38-46A9-8EB7-1927782FC58A}"
EndProject
Project("{2150E333-8FDC-42A3-9474-1A3956D46DE8}") = "AccessModifiers", "AccessModifiers", "{540FB40E-4356-4F03-90A7-D20DA291A2A4}"
EndProject
Project("{FAE04EC0-301F-11D3-BF4B-00C04F79EFBC}") = "AccessModifiers", "AccessModifiers\AccessModifiers.csproj", "{2E488846-307F-4980-8544-F143DF02C4C2}"
EndProject
Project("{FAE04EC0-301F-11D3-BF4B-00C04F79EFBC}") = "AccessModifiersLibrary", "AccessModifiersLibrary\AccessModifiersLibrary.csproj", "{BBA55E2A-6CAE-4F74-B85B-E4801713A5C1}"
EndProject
Project("{2150E333-8FDC-42A3-9474-1A3956D46DE8}") = "AccessibilityDomain", "AccessibilityDomain", "{F0CC88F7-4C1E-44C1-9BAA-45AEA4B53706}"
EndProject
Project("{FAE04EC0-301F-11D3-BF4B-00C04F79EFBC}") = "AccessibilityDomain", "AccessibilityDomain\AccessibilityDomain\AccessibilityDomain.csproj", "{BD4A911D-2D46-4926-9D4C-E21FA7BE64E4}"
EndProject
Project("{2150E333-8FDC-42A3-9474-1A3956D46DE8}") = "AccessibilityLevels", "AccessibilityLevels", "{C84CED98-9F0C-4194-853E-04129E348DB5}"
EndProject
Project("{FAE04EC0-301F-11D3-BF4B-00C04F79EFBC}") = "AccessibilityLevels", "AccessibilityLevels\AccessibilityLevels.csproj", "{494D7D5A-BE76-4F76-9B88-87AB847F60B9}"
EndProject
Project("{FAE04EC0-301F-11D3-BF4B-00C04F79EFBC}") = "TestProject1", "TestProject1\TestProject1.csproj", "{EE8BE742-20D1-4825-B5DA-8975E876E8A7}"
EndProject
Project("{FAE04EC0-301F-11D3-BF4B-00C04F79EFBC}") = "Delegates", "Delegates\Delegates.csproj", "{02F8FFDA-1603-4E88-9B8E-D4A6DDC75238}"
EndProject
Project("{2150E333-8FDC-42A3-9474-1A3956D46DE8}") = "Delegates", "Delegates", "{57100B29-B265-41C7-A39A-DAF43CDF4C3F}"
EndProject
Project("{FAE04EC0-301F-11D3-BF4B-00C04F79EFBC}") = "OOP", "Delegates\OOP\OOP.csproj", "{C1DA1ADE-4B8D-4B2B-ACA1-15A74D0064D2}"
EndProject
Project("{2150E333-8FDC-42A3-9474-1A3956D46DE8}") = "OOP", "OOP", "{A092DC71-8B90-4245-B45C-57B3399E0CAF}"
EndProject
Global
	GlobalSection(SolutionConfigurationPlatforms) = preSolution
		Debug|Any CPU = Debug|Any CPU
		Release|Any CPU = Release|Any CPU
	EndGlobalSection
	GlobalSection(NestedProjects) = preSolution
		{9F21A3F1-DD38-46A9-8EB7-1927782FC58A} = {F221D178-6BA8-4294-BE27-DB9ED8D5BDCA}
		{2E488846-307F-4980-8544-F143DF02C4C2} = {540FB40E-4356-4F03-90A7-D20DA291A2A4}
		{BBA55E2A-6CAE-4F74-B85B-E4801713A5C1} = {540FB40E-4356-4F03-90A7-D20DA291A2A4}
		{BD4A911D-2D46-4926-9D4C-E21FA7BE64E4} = {F0CC88F7-4C1E-44C1-9BAA-45AEA4B53706}
		{494D7D5A-BE76-4F76-9B88-87AB847F60B9} = {C84CED98-9F0C-4194-853E-04129E348DB5}
		{EE8BE742-20D1-4825-B5DA-8975E876E8A7} = {F221D178-6BA8-4294-BE27-DB9ED8D5BDCA}
		{02F8FFDA-1603-4E88-9B8E-D4A6DDC75238} = {57100B29-B265-41C7-A39A-DAF43CDF4C3F}
		{C1DA1ADE-4B8D-4B2B-ACA1-15A74D0064D2} = {A092DC71-8B90-4245-B45C-57B3399E0CAF}
	EndGlobalSection
	GlobalSection(ProjectConfigurationPlatforms) = postSolution
		{9F21A3F1-DD38-46A9-8EB7-1927782FC58A}.Debug|Any CPU.ActiveCfg = Debug|Any CPU
		{9F21A3F1-DD38-46A9-8EB7-1927782FC58A}.Debug|Any CPU.Build.0 = Debug|Any CPU
		{9F21A3F1-DD38-46A9-8EB7-1927782FC58A}.Release|Any CPU.ActiveCfg = Release|Any CPU
		{9F21A3F1-DD38-46A9-8EB7-1927782FC58A}.Release|Any CPU.Build.0 = Release|Any CPU
		{2E488846-307F-4980-8544-F143DF02C4C2}.Debug|Any CPU.ActiveCfg = Debug|Any CPU
		{2E488846-307F-4980-8544-F143DF02C4C2}.Debug|Any CPU.Build.0 = Debug|Any CPU
		{2E488846-307F-4980-8544-F143DF02C4C2}.Release|Any CPU.ActiveCfg = Release|Any CPU
		{2E488846-307F-4980-8544-F143DF02C4C2}.Release|Any CPU.Build.0 = Release|Any CPU
		{BBA55E2A-6CAE-4F74-B85B-E4801713A5C1}.Debug|Any CPU.ActiveCfg = Debug|Any CPU
		{BBA55E2A-6CAE-4F74-B85B-E4801713A5C1}.Debug|Any CPU.Build.0 = Debug|Any CPU
		{BBA55E2A-6CAE-4F74-B85B-E4801713A5C1}.Release|Any CPU.ActiveCfg = Release|Any CPU
		{BBA55E2A-6CAE-4F74-B85B-E4801713A5C1}.Release|Any CPU.Build.0 = Release|Any CPU
		{BD4A911D-2D46-4926-9D4C-E21FA7BE64E4}.Debug|Any CPU.ActiveCfg = Debug|Any CPU
		{BD4A911D-2D46-4926-9D4C-E21FA7BE64E4}.Debug|Any CPU.Build.0 = Debug|Any CPU
		{BD4A911D-2D46-4926-9D4C-E21FA7BE64E4}.Release|Any CPU.ActiveCfg = Release|Any CPU
		{BD4A911D-2D46-4926-9D4C-E21FA7BE64E4}.Release|Any CPU.Build.0 = Release|Any CPU
		{494D7D5A-BE76-4F76-9B88-87AB847F60B9}.Debug|Any CPU.ActiveCfg = Debug|Any CPU
		{494D7D5A-BE76-4F76-9B88-87AB847F60B9}.Debug|Any CPU.Build.0 = Debug|Any CPU
		{494D7D5A-BE76-4F76-9B88-87AB847F60B9}.Release|Any CPU.ActiveCfg = Release|Any CPU
		{494D7D5A-BE76-4F76-9B88-87AB847F60B9}.Release|Any CPU.Build.0 = Release|Any CPU
		{EE8BE742-20D1-4825-B5DA-8975E876E8A7}.Debug|Any CPU.ActiveCfg = Debug|Any CPU
		{EE8BE742-20D1-4825-B5DA-8975E876E8A7}.Debug|Any CPU.Build.0 = Debug|Any CPU
		{EE8BE742-20D1-4825-B5DA-8975E876E8A7}.Release|Any CPU.ActiveCfg = Release|Any CPU
		{EE8BE742-20D1-4825-B5DA-8975E876E8A7}.Release|Any CPU.Build.0 = Release|Any CPU
		{02F8FFDA-1603-4E88-9B8E-D4A6DDC75238}.Debug|Any CPU.ActiveCfg = Debug|Any CPU
		{02F8FFDA-1603-4E88-9B8E-D4A6DDC75238}.Debug|Any CPU.Build.0 = Debug|Any CPU
		{02F8FFDA-1603-4E88-9B8E-D4A6DDC75238}.Release|Any CPU.ActiveCfg = Release|Any CPU
		{02F8FFDA-1603-4E88-9B8E-D4A6DDC75238}.Release|Any CPU.Build.0 = Release|Any CPU
		{C1DA1ADE-4B8D-4B2B-ACA1-15A74D0064D2}.Debug|Any CPU.ActiveCfg = Debug|Any CPU
		{C1DA1ADE-4B8D-4B2B-ACA1-15A74D0064D2}.Debug|Any CPU.Build.0 = Debug|Any CPU
		{C1DA1ADE-4B8D-4B2B-ACA1-15A74D0064D2}.Release|Any CPU.ActiveCfg = Release|Any CPU
		{C1DA1ADE-4B8D-4B2B-ACA1-15A74D0064D2}.Release|Any CPU.Build.0 = Release|Any CPU
	EndGlobalSection
EndGlobal
