
Microsoft Visual Studio Solution File, Format Version 12.00
Project("{2150E333-8FDC-42A3-9474-1A3956D46DE8}") = "ValueVsReferenceTypes", "ValueVsReferenceTypes", "{F221D178-6BA8-4294-BE27-DB9ED8D5BDCA}"
EndProject
Project("{FAE04EC0-301F-11D3-BF4B-00C04F79EFBC}") = "ValueVsReferenceTypes", "ValueVsReferenceTypes\ValueVsReferenceTypes.csproj", "{9F21A3F1-DD38-46A9-8EB7-1927782FC58A}"
EndProject
Global
	GlobalSection(SolutionConfigurationPlatforms) = preSolution
		Debug|Any CPU = Debug|Any CPU
		Release|Any CPU = Release|Any CPU
	EndGlobalSection
	GlobalSection(NestedProjects) = preSolution
		{9F21A3F1-DD38-46A9-8EB7-1927782FC58A} = {F221D178-6BA8-4294-BE27-DB9ED8D5BDCA}
	EndGlobalSection
	GlobalSection(ProjectConfigurationPlatforms) = postSolution
		{9F21A3F1-DD38-46A9-8EB7-1927782FC58A}.Debug|Any CPU.ActiveCfg = Debug|Any CPU
		{9F21A3F1-DD38-46A9-8EB7-1927782FC58A}.Debug|Any CPU.Build.0 = Debug|Any CPU
		{9F21A3F1-DD38-46A9-8EB7-1927782FC58A}.Release|Any CPU.ActiveCfg = Release|Any CPU
		{9F21A3F1-DD38-46A9-8EB7-1927782FC58A}.Release|Any CPU.Build.0 = Release|Any CPU
	EndGlobalSection
EndGlobal
